
Microsoft Visual Studio Solution File, Format Version 12.00
# Visual Studio Version 16
VisualStudioVersion = 16.0.31729.503
MinimumVisualStudioVersion = 10.0.40219.1
Project("{FAE04EC0-301F-11D3-BF4B-00C04F79EFBC}") = "CountProg_for_Wokoto", "CountProg_for_Wokoto\CountProg_for_Wokoto.csproj", "{9C0410AC-38FB-4EC0-BB97-4B3636032D55}"
EndProject
Global
	GlobalSection(SolutionConfigurationPlatforms) = preSolution
		Debug|Any CPU = Debug|Any CPU
		Release|Any CPU = Release|Any CPU
	EndGlobalSection
	GlobalSection(ProjectConfigurationPlatforms) = postSolution
		{9C0410AC-38FB-4EC0-BB97-4B3636032D55}.Debug|Any CPU.ActiveCfg = Debug|Any CPU
		{9C0410AC-38FB-4EC0-BB97-4B3636032D55}.Debug|Any CPU.Build.0 = Debug|Any CPU
		{9C0410AC-38FB-4EC0-BB97-4B3636032D55}.Release|Any CPU.ActiveCfg = Release|Any CPU
		{9C0410AC-38FB-4EC0-BB97-4B3636032D55}.Release|Any CPU.Build.0 = Release|Any CPU
	EndGlobalSection
	GlobalSection(SolutionProperties) = preSolution
		HideSolutionNode = FALSE
	EndGlobalSection
	GlobalSection(ExtensibilityGlobals) = postSolution
		SolutionGuid = {99B9D7B4-2F4B-4862-AC36-F1D8BD4D613D}
	EndGlobalSection
EndGlobal
